
Microsoft Visual Studio Solution File, Format Version 12.00
# Visual Studio 15
VisualStudioVersion = 15.0.28307.902
MinimumVisualStudioVersion = 10.0.40219.1
Project("{FAE04EC0-301F-11D3-BF4B-00C04F79EFBC}") = "test", "test\test.csproj", "{BD18B093-D52F-41F0-9A25-3AA801E7ABB1}"
EndProject
Project("{2150E333-8FDC-42A3-9474-1A3956D46DE8}") = "Solution Items", "Solution Items", "{072D87C0-89B9-4FD9-87A7-26112DF1FA78}"
EndProject
Global
	GlobalSection(SolutionConfigurationPlatforms) = preSolution
		Debug|Any CPU = Debug|Any CPU
		Release|Any CPU = Release|Any CPU
	EndGlobalSection
	GlobalSection(ProjectConfigurationPlatforms) = postSolution
		{BD18B093-D52F-41F0-9A25-3AA801E7ABB1}.Debug|Any CPU.ActiveCfg = Debug|Any CPU
		{BD18B093-D52F-41F0-9A25-3AA801E7ABB1}.Debug|Any CPU.Build.0 = Debug|Any CPU
		{BD18B093-D52F-41F0-9A25-3AA801E7ABB1}.Release|Any CPU.ActiveCfg = Release|Any CPU
		{BD18B093-D52F-41F0-9A25-3AA801E7ABB1}.Release|Any CPU.Build.0 = Release|Any CPU
	EndGlobalSection
	GlobalSection(SolutionProperties) = preSolution
		HideSolutionNode = FALSE
	EndGlobalSection
	GlobalSection(ExtensibilityGlobals) = postSolution
		SolutionGuid = {C3D8E0F5-BB28-4322-8679-C0E7195C3F9C}
	EndGlobalSection
EndGlobal
